// !$*UTF8*$!
{
	archiveVersion = 1;
	classes = {
	};
	objectVersion = 46;
	objects = {

/* Begin PBXBuildFile section */
		CC33D52A1CCA0DE700157246 /* AppDelegate.swift in Sources */ = {isa = PBXBuildFile; fileRef = CC33D5291CCA0DE700157246 /* AppDelegate.swift */; };
		CC33D52F1CCA0DE700157246 /* Main.storyboard in Resources */ = {isa = PBXBuildFile; fileRef = CC33D52D1CCA0DE700157246 /* Main.storyboard */; };
		CC33D5311CCA0DE700157246 /* Assets.xcassets in Resources */ = {isa = PBXBuildFile; fileRef = CC33D5301CCA0DE700157246 /* Assets.xcassets */; };
		CC33D5341CCA0DE700157246 /* LaunchScreen.storyboard in Resources */ = {isa = PBXBuildFile; fileRef = CC33D5321CCA0DE700157246 /* LaunchScreen.storyboard */; };
		CC33D53F1CCA0DE700157246 /* FaceViewTests.swift in Sources */ = {isa = PBXBuildFile; fileRef = CC33D53E1CCA0DE700157246 /* FaceViewTests.swift */; };
		CC33D54A1CCA0DE700157246 /* FaceViewUITests.swift in Sources */ = {isa = PBXBuildFile; fileRef = CC33D5491CCA0DE700157246 /* FaceViewUITests.swift */; };
		CC33D5591CCA0E6700157246 /* FaceViewController.swift in Sources */ = {isa = PBXBuildFile; fileRef = CC33D5581CCA0E6700157246 /* FaceViewController.swift */; };
		CC33D55B1CCA0F4F00157246 /* FaceView.swift in Sources */ = {isa = PBXBuildFile; fileRef = CC33D55A1CCA0F4F00157246 /* FaceView.swift */; };
/* End PBXBuildFile section */

/* Begin PBXContainerItemProxy section */
		CC33D53B1CCA0DE700157246 /* PBXContainerItemProxy */ = {
			isa = PBXContainerItemProxy;
			containerPortal = CC33D51E1CCA0DE700157246 /* Project object */;
			proxyType = 1;
			remoteGlobalIDString = CC33D5251CCA0DE700157246;
			remoteInfo = FaceView;
		};
		CC33D5461CCA0DE700157246 /* PBXContainerItemProxy */ = {
			isa = PBXContainerItemProxy;
			containerPortal = CC33D51E1CCA0DE700157246 /* Project object */;
			proxyType = 1;
			remoteGlobalIDString = CC33D5251CCA0DE700157246;
			remoteInfo = FaceView;
		};
/* End PBXContainerItemProxy section */

/* Begin PBXFileReference section */
		CC33D5261CCA0DE700157246 /* FaceView.app */ = {isa = PBXFileReference; explicitFileType = wrapper.application; includeInIndex = 0; path = FaceView.app; sourceTree = BUILT_PRODUCTS_DIR; };
		CC33D5291CCA0DE700157246 /* AppDelegate.swift */ = {isa = PBXFileReference; lastKnownFileType = sourcecode.swift; path = AppDelegate.swift; sourceTree = "<group>"; };
		CC33D52E1CCA0DE700157246 /* Base */ = {isa = PBXFileReference; lastKnownFileType = file.storyboard; name = Base; path = Base.lproj/Main.storyboard; sourceTree = "<group>"; };
		CC33D5301CCA0DE700157246 /* Assets.xcassets */ = {isa = PBXFileReference; lastKnownFileType = folder.assetcatalog; path = Assets.xcassets; sourceTree = "<group>"; };
		CC33D5331CCA0DE700157246 /* Base */ = {isa = PBXFileReference; lastKnownFileType = file.storyboard; name = Base; path = Base.lproj/LaunchScreen.storyboard; sourceTree = "<group>"; };
		CC33D5351CCA0DE700157246 /* Info.plist */ = {isa = PBXFileReference; lastKnownFileType = text.plist.xml; path = Info.plist; sourceTree = "<group>"; };
		CC33D53A1CCA0DE700157246 /* FaceViewTests.xctest */ = {isa = PBXFileReference; explicitFileType = wrapper.cfbundle; includeInIndex = 0; path = FaceViewTests.xctest; sourceTree = BUILT_PRODUCTS_DIR; };
		CC33D53E1CCA0DE700157246 /* FaceViewTests.swift */ = {isa = PBXFileReference; lastKnownFileType = sourcecode.swift; path = FaceViewTests.swift; sourceTree = "<group>"; };
		CC33D5401CCA0DE700157246 /* Info.plist */ = {isa = PBXFileReference; lastKnownFileType = text.plist.xml; path = Info.plist; sourceTree = "<group>"; };
		CC33D5451CCA0DE700157246 /* FaceViewUITests.xctest */ = {isa = PBXFileReference; explicitFileType = wrapper.cfbundle; includeInIndex = 0; path = FaceViewUITests.xctest; sourceTree = BUILT_PRODUCTS_DIR; };
		CC33D5491CCA0DE700157246 /* FaceViewUITests.swift */ = {isa = PBXFileReference; lastKnownFileType = sourcecode.swift; path = FaceViewUITests.swift; sourceTree = "<group>"; };
		CC33D54B1CCA0DE700157246 /* Info.plist */ = {isa = PBXFileReference; lastKnownFileType = text.plist.xml; path = Info.plist; sourceTree = "<group>"; };
		CC33D5581CCA0E6700157246 /* FaceViewController.swift */ = {isa = PBXFileReference; fileEncoding = 4; lastKnownFileType = sourcecode.swift; path = FaceViewController.swift; sourceTree = "<group>"; };
		CC33D55A1CCA0F4F00157246 /* FaceView.swift */ = {isa = PBXFileReference; fileEncoding = 4; lastKnownFileType = sourcecode.swift; path = FaceView.swift; sourceTree = "<group>"; };
/* End PBXFileReference section */

/* Begin PBXFrameworksBuildPhase section */
		CC33D5231CCA0DE700157246 /* Frameworks */ = {
			isa = PBXFrameworksBuildPhase;
			buildActionMask = 2147483647;
			files = (
			);
			runOnlyForDeploymentPostprocessing = 0;
		};
		CC33D5371CCA0DE700157246 /* Frameworks */ = {
			isa = PBXFrameworksBuildPhase;
			buildActionMask = 2147483647;
			files = (
			);
			runOnlyForDeploymentPostprocessing = 0;
		};
		CC33D5421CCA0DE700157246 /* Frameworks */ = {
			isa = PBXFrameworksBuildPhase;
			buildActionMask = 2147483647;
			files = (
			);
			runOnlyForDeploymentPostprocessing = 0;
		};
/* End PBXFrameworksBuildPhase section */

/* Begin PBXGroup section */
		CC33D51D1CCA0DE700157246 = {
			isa = PBXGroup;
			children = (
				CC33D5281CCA0DE700157246 /* FaceView */,
				CC33D53D1CCA0DE700157246 /* FaceViewTests */,
				CC33D5481CCA0DE700157246 /* FaceViewUITests */,
				CC33D5271CCA0DE700157246 /* Products */,
			);
			sourceTree = "<group>";
		};
		CC33D5271CCA0DE700157246 /* Products */ = {
			isa = PBXGroup;
			children = (
				CC33D5261CCA0DE700157246 /* FaceView.app */,
				CC33D53A1CCA0DE700157246 /* FaceViewTests.xctest */,
				CC33D5451CCA0DE700157246 /* FaceViewUITests.xctest */,
			);
			name = Products;
			sourceTree = "<group>";
		};
		CC33D5281CCA0DE700157246 /* FaceView */ = {
			isa = PBXGroup;
			children = (
				CC33D5571CCA0DFE00157246 /* SupportFile */,
				CC33D52D1CCA0DE700157246 /* Main.storyboard */,
				CC33D5581CCA0E6700157246 /* FaceViewController.swift */,
				CC33D55A1CCA0F4F00157246 /* FaceView.swift */,
			);
			path = FaceView;
			sourceTree = "<group>";
		};
		CC33D53D1CCA0DE700157246 /* FaceViewTests */ = {
			isa = PBXGroup;
			children = (
				CC33D53E1CCA0DE700157246 /* FaceViewTests.swift */,
				CC33D5401CCA0DE700157246 /* Info.plist */,
			);
			path = FaceViewTests;
			sourceTree = "<group>";
		};
		CC33D5481CCA0DE700157246 /* FaceViewUITests */ = {
			isa = PBXGroup;
			children = (
				CC33D5491CCA0DE700157246 /* FaceViewUITests.swift */,
				CC33D54B1CCA0DE700157246 /* Info.plist */,
			);
			path = FaceViewUITests;
			sourceTree = "<group>";
		};
		CC33D5571CCA0DFE00157246 /* SupportFile */ = {
			isa = PBXGroup;
			children = (
				CC33D5301CCA0DE700157246 /* Assets.xcassets */,
				CC33D5321CCA0DE700157246 /* LaunchScreen.storyboard */,
				CC33D5351CCA0DE700157246 /* Info.plist */,
				CC33D5291CCA0DE700157246 /* AppDelegate.swift */,
			);
			name = SupportFile;
			sourceTree = "<group>";
		};
/* End PBXGroup section */

/* Begin PBXNativeTarget section */
		CC33D5251CCA0DE700157246 /* FaceView */ = {
			isa = PBXNativeTarget;
			buildConfigurationList = CC33D54E1CCA0DE700157246 /* Build configuration list for PBXNativeTarget "FaceView" */;
			buildPhases = (
				CC33D5221CCA0DE700157246 /* Sources */,
				CC33D5231CCA0DE700157246 /* Frameworks */,
				CC33D5241CCA0DE700157246 /* Resources */,
			);
			buildRules = (
			);
			dependencies = (
			);
			name = FaceView;
			productName = FaceView;
			productReference = CC33D5261CCA0DE700157246 /* FaceView.app */;
			productType = "com.apple.product-type.application";
		};
		CC33D5391CCA0DE700157246 /* FaceViewTests */ = {
			isa = PBXNativeTarget;
			buildConfigurationList = CC33D5511CCA0DE700157246 /* Build configuration list for PBXNativeTarget "FaceViewTests" */;
			buildPhases = (
				CC33D5361CCA0DE700157246 /* Sources */,
				CC33D5371CCA0DE700157246 /* Frameworks */,
				CC33D5381CCA0DE700157246 /* Resources */,
			);
			buildRules = (
			);
			dependencies = (
				CC33D53C1CCA0DE700157246 /* PBXTargetDependency */,
			);
			name = FaceViewTests;
			productName = FaceViewTests;
			productReference = CC33D53A1CCA0DE700157246 /* FaceViewTests.xctest */;
			productType = "com.apple.product-type.bundle.unit-test";
		};
		CC33D5441CCA0DE700157246 /* FaceViewUITests */ = {
			isa = PBXNativeTarget;
			buildConfigurationList = CC33D5541CCA0DE700157246 /* Build configuration list for PBXNativeTarget "FaceViewUITests" */;
			buildPhases = (
				CC33D5411CCA0DE700157246 /* Sources */,
				CC33D5421CCA0DE700157246 /* Frameworks */,
				CC33D5431CCA0DE700157246 /* Resources */,
			);
			buildRules = (
			);
			dependencies = (
				CC33D5471CCA0DE700157246 /* PBXTargetDependency */,
			);
			name = FaceViewUITests;
			productName = FaceViewUITests;
			productReference = CC33D5451CCA0DE700157246 /* FaceViewUITests.xctest */;
			productType = "com.apple.product-type.bundle.ui-testing";
		};
/* End PBXNativeTarget section */

/* Begin PBXProject section */
		CC33D51E1CCA0DE700157246 /* Project object */ = {
			isa = PBXProject;
			attributes = {
				LastSwiftUpdateCheck = 0730;
				LastUpgradeCheck = 0730;
				ORGANIZATIONNAME = WangBen;
				TargetAttributes = {
					CC33D5251CCA0DE700157246 = {
						CreatedOnToolsVersion = 7.3;
						DevelopmentTeam = 93RJF779D2;
					};
					CC33D5391CCA0DE700157246 = {
						CreatedOnToolsVersion = 7.3;
						DevelopmentTeam = 93RJF779D2;
						TestTargetID = CC33D5251CCA0DE700157246;
					};
					CC33D5441CCA0DE700157246 = {
						CreatedOnToolsVersion = 7.3;
						DevelopmentTeam = 93RJF779D2;
						TestTargetID = CC33D5251CCA0DE700157246;
					};
				};
			};
			buildConfigurationList = CC33D5211CCA0DE700157246 /* Build configuration list for PBXProject "FaceView" */;
			compatibilityVersion = "Xcode 3.2";
			developmentRegion = English;
			hasScannedForEncodings = 0;
			knownRegions = (
				en,
				Base,
			);
			mainGroup = CC33D51D1CCA0DE700157246;
			productRefGroup = CC33D5271CCA0DE700157246 /* Products */;
			projectDirPath = "";
			projectRoot = "";
			targets = (
				CC33D5251CCA0DE700157246 /* FaceView */,
				CC33D5391CCA0DE700157246 /* FaceViewTests */,
				CC33D5441CCA0DE700157246 /* FaceViewUITests */,
			);
		};
/* End PBXProject section */

/* Begin PBXResourcesBuildPhase section */
		CC33D5241CCA0DE700157246 /* Resources */ = {
			isa = PBXResourcesBuildPhase;
			buildActionMask = 2147483647;
			files = (
				CC33D5341CCA0DE700157246 /* LaunchScreen.storyboard in Resources */,
				CC33D5311CCA0DE700157246 /* Assets.xcassets in Resources */,
				CC33D52F1CCA0DE700157246 /* Main.storyboard in Resources */,
			);
			runOnlyForDeploymentPostprocessing = 0;
		};
		CC33D5381CCA0DE700157246 /* Resources */ = {
			isa = PBXResourcesBuildPhase;
			buildActionMask = 2147483647;
			files = (
			);
			runOnlyForDeploymentPostprocessing = 0;
		};
		CC33D5431CCA0DE700157246 /* Resources */ = {
			isa = PBXResourcesBuildPhase;
			buildActionMask = 2147483647;
			files = (
			);
			runOnlyForDeploymentPostprocessing = 0;
		};
/* End PBXResourcesBuildPhase section */

/* Begin PBXSourcesBuildPhase section */
		CC33D5221CCA0DE700157246 /* Sources */ = {
			isa = PBXSourcesBuildPhase;
			buildActionMask = 2147483647;
			files = (
				CC33D52A1CCA0DE700157246 /* AppDelegate.swift in Sources */,
				CC33D5591CCA0E6700157246 /* FaceViewController.swift in Sources */,
				CC33D55B1CCA0F4F00157246 /* FaceView.swift in Sources */,
			);
			runOnlyForDeploymentPostprocessing = 0;
		};
		CC33D5361CCA0DE700157246 /* Sources */ = {
			isa = PBXSourcesBuildPhase;
			buildActionMask = 2147483647;
			files = (
				CC33D53F1CCA0DE700157246 /* FaceViewTests.swift in Sources */,
			);
			runOnlyForDeploymentPostprocessing = 0;
		};
		CC33D5411CCA0DE700157246 /* Sources */ = {
			isa = PBXSourcesBuildPhase;
			buildActionMask = 2147483647;
			files = (
				CC33D54A1CCA0DE700157246 /* FaceViewUITests.swift in Sources */,
			);
			runOnlyForDeploymentPostprocessing = 0;
		};
/* End PBXSourcesBuildPhase section */

/* Begin PBXTargetDependency section */
		CC33D53C1CCA0DE700157246 /* PBXTargetDependency */ = {
			isa = PBXTargetDependency;
			target = CC33D5251CCA0DE700157246 /* FaceView */;
			targetProxy = CC33D53B1CCA0DE700157246 /* PBXContainerItemProxy */;
		};
		CC33D5471CCA0DE700157246 /* PBXTargetDependency */ = {
			isa = PBXTargetDependency;
			target = CC33D5251CCA0DE700157246 /* FaceView */;
			targetProxy = CC33D5461CCA0DE700157246 /* PBXContainerItemProxy */;
		};
/* End PBXTargetDependency section */

/* Begin PBXVariantGroup section */
		CC33D52D1CCA0DE700157246 /* Main.storyboard */ = {
			isa = PBXVariantGroup;
			children = (
				CC33D52E1CCA0DE700157246 /* Base */,
			);
			name = Main.storyboard;
			sourceTree = "<group>";
		};
		CC33D5321CCA0DE700157246 /* LaunchScreen.storyboard */ = {
			isa = PBXVariantGroup;
			children = (
				CC33D5331CCA0DE700157246 /* Base */,
			);
			name = LaunchScreen.storyboard;
			sourceTree = "<group>";
		};
/* End PBXVariantGroup section */

/* Begin XCBuildConfiguration section */
		CC33D54C1CCA0DE700157246 /* Debug */ = {
			isa = XCBuildConfiguration;
			buildSettings = {
				ALWAYS_SEARCH_USER_PATHS = NO;
				CLANG_ANALYZER_NONNULL = YES;
				CLANG_CXX_LANGUAGE_STANDARD = "gnu++0x";
				CLANG_CXX_LIBRARY = "libc++";
				CLANG_ENABLE_MODULES = YES;
				CLANG_ENABLE_OBJC_ARC = YES;
				CLANG_WARN_BOOL_CONVERSION = YES;
				CLANG_WARN_CONSTANT_CONVERSION = YES;
				CLANG_WARN_DIRECT_OBJC_ISA_USAGE = YES_ERROR;
				CLANG_WARN_EMPTY_BODY = YES;
				CLANG_WARN_ENUM_CONVERSION = YES;
				CLANG_WARN_INT_CONVERSION = YES;
				CLANG_WARN_OBJC_ROOT_CLASS = YES_ERROR;
				CLANG_WARN_UNREACHABLE_CODE = YES;
				CLANG_WARN__DUPLICATE_METHOD_MATCH = YES;
				"CODE_SIGN_IDENTITY[sdk=iphoneos*]" = "iPhone Developer";
				COPY_PHASE_STRIP = NO;
				DEBUG_INFORMATION_FORMAT = dwarf;
				ENABLE_STRICT_OBJC_MSGSEND = YES;
				ENABLE_TESTABILITY = YES;
				GCC_C_LANGUAGE_STANDARD = gnu99;
				GCC_DYNAMIC_NO_PIC = NO;
				GCC_NO_COMMON_BLOCKS = YES;
				GCC_OPTIMIZATION_LEVEL = 0;
				GCC_PREPROCESSOR_DEFINITIONS = (
					"DEBUG=1",
					"$(inherited)",
				);
				GCC_WARN_64_TO_32_BIT_CONVERSION = YES;
				GCC_WARN_ABOUT_RETURN_TYPE = YES_ERROR;
				GCC_WARN_UNDECLARED_SELECTOR = YES;
				GCC_WARN_UNINITIALIZED_AUTOS = YES_AGGRESSIVE;
				GCC_WARN_UNUSED_FUNCTION = YES;
				GCC_WARN_UNUSED_VARIABLE = YES;
				IPHONEOS_DEPLOYMENT_TARGET = 9.3;
				MTL_ENABLE_DEBUG_INFO = YES;
				ONLY_ACTIVE_ARCH = YES;
				SDKROOT = iphoneos;
				SWIFT_OPTIMIZATION_LEVEL = "-Onone";
				TARGETED_DEVICE_FAMILY = "1,2";
			};
			name = Debug;
		};
		CC33D54D1CCA0DE700157246 /* Release */ = {
			isa = XCBuildConfiguration;
			buildSettings = {
				ALWAYS_SEARCH_USER_PATHS = NO;
				CLANG_ANALYZER_NONNULL = YES;
				CLANG_CXX_LANGUAGE_STANDARD = "gnu++0x";
				CLANG_CXX_LIBRARY = "libc++";
				CLANG_ENABLE_MODULES = YES;
				CLANG_ENABLE_OBJC_ARC = YES;
				CLANG_WARN_BOOL_CONVERSION = YES;
				CLANG_WARN_CONSTANT_CONVERSION = YES;
				CLANG_WARN_DIRECT_OBJC_ISA_USAGE = YES_ERROR;
				CLANG_WARN_EMPTY_BODY = YES;
				CLANG_WARN_ENUM_CONVERSION = YES;
				CLANG_WARN_INT_CONVERSION = YES;
				CLANG_WARN_OBJC_ROOT_CLASS = YES_ERROR;
				CLANG_WARN_UNREACHABLE_CODE = YES;
				CLANG_WARN__DUPLICATE_METHOD_MATCH = YES;
				"CODE_SIGN_IDENTITY[sdk=iphoneos*]" = "iPhone Developer";
				COPY_PHASE_STRIP = NO;
				DEBUG_INFORMATION_FORMAT = "dwarf-with-dsym";
				ENABLE_NS_ASSERTIONS = NO;
				ENABLE_STRICT_OBJC_MSGSEND = YES;
				GCC_C_LANGUAGE_STANDARD = gnu99;
				GCC_NO_COMMON_BLOCKS = YES;
				GCC_WARN_64_TO_32_BIT_CONVERSION = YES;
				GCC_WARN_ABOUT_RETURN_TYPE = YES_ERROR;
				GCC_WARN_UNDECLARED_SELECTOR = YES;
				GCC_WARN_UNINITIALIZED_AUTOS = YES_AGGRESSIVE;
				GCC_WARN_UNUSED_FUNCTION = YES;
				GCC_WARN_UNUSED_VARIABLE = YES;
				IPHONEOS_DEPLOYMENT_TARGET = 9.3;
				MTL_ENABLE_DEBUG_INFO = NO;
				SDKROOT = iphoneos;
				TARGETED_DEVICE_FAMILY = "1,2";
				VALIDATE_PRODUCT = YES;
			};
			name = Release;
		};
		CC33D54F1CCA0DE700157246 /* Debug */ = {
			isa = XCBuildConfiguration;
			buildSettings = {
				ASSETCATALOG_COMPILER_APPICON_NAME = AppIcon;
				INFOPLIST_FILE = FaceView/Info.plist;
				LD_RUNPATH_SEARCH_PATHS = "$(inherited) @executable_path/Frameworks";
				PRODUCT_BUNDLE_IDENTIFIER = com.kyxw007.FaceView;
				PRODUCT_NAME = "$(TARGET_NAME)";
			};
			name = Debug;
		};
		CC33D5501CCA0DE700157246 /* Release */ = {
			isa = XCBuildConfiguration;
			buildSettings = {
				ASSETCATALOG_COMPILER_APPICON_NAME = AppIcon;
				INFOPLIST_FILE = FaceView/Info.plist;
				LD_RUNPATH_SEARCH_PATHS = "$(inherited) @executable_path/Frameworks";
				PRODUCT_BUNDLE_IDENTIFIER = com.kyxw007.FaceView;
				PRODUCT_NAME = "$(TARGET_NAME)";
			};
			name = Release;
		};
		CC33D5521CCA0DE700157246 /* Debug */ = {
			isa = XCBuildConfiguration;
			buildSettings = {
				BUNDLE_LOADER = "$(TEST_HOST)";
				INFOPLIST_FILE = FaceViewTests/Info.plist;
				LD_RUNPATH_SEARCH_PATHS = "$(inherited) @executable_path/Frameworks @loader_path/Frameworks";
				PRODUCT_BUNDLE_IDENTIFIER = com.kyxw007.FaceViewTests;
				PRODUCT_NAME = "$(TARGET_NAME)";
				TEST_HOST = "$(BUILT_PRODUCTS_DIR)/FaceView.app/FaceView";
			};
			name = Debug;
		};
		CC33D5531CCA0DE700157246 /* Release */ = {
			isa = XCBuildConfiguration;
			buildSettings = {
				BUNDLE_LOADER = "$(TEST_HOST)";
				INFOPLIST_FILE = FaceViewTests/Info.plist;
				LD_RUNPATH_SEARCH_PATHS = "$(inherited) @executable_path/Frameworks @loader_path/Frameworks";
				PRODUCT_BUNDLE_IDENTIFIER = com.kyxw007.FaceViewTests;
				PRODUCT_NAME = "$(TARGET_NAME)";
				TEST_HOST = "$(BUILT_PRODUCTS_DIR)/FaceView.app/FaceView";
			};
			name = Release;
		};
		CC33D5551CCA0DE700157246 /* Debug */ = {
			isa = XCBuildConfiguration;
			buildSettings = {
				INFOPLIST_FILE = FaceViewUITests/Info.plist;
				LD_RUNPATH_SEARCH_PATHS = "$(inherited) @executable_path/Frameworks @loader_path/Frameworks";
				PRODUCT_BUNDLE_IDENTIFIER = com.kyxw007.FaceViewUITests;
				PRODUCT_NAME = "$(TARGET_NAME)";
				TEST_TARGET_NAME = FaceView;
			};
			name = Debug;
		};
		CC33D5561CCA0DE700157246 /* Release */ = {
			isa = XCBuildConfiguration;
			buildSettings = {
				INFOPLIST_FILE = FaceViewUITests/Info.plist;
				LD_RUNPATH_SEARCH_PATHS = "$(inherited) @executable_path/Frameworks @loader_path/Frameworks";
				PRODUCT_BUNDLE_IDENTIFIER = com.kyxw007.FaceViewUITests;
				PRODUCT_NAME = "$(TARGET_NAME)";
				TEST_TARGET_NAME = FaceView;
			};
			name = Release;
		};
/* End XCBuildConfiguration section */

/* Begin XCConfigurationList section */
		CC33D5211CCA0DE700157246 /* Build configuration list for PBXProject "FaceView" */ = {
			isa = XCConfigurationList;
			buildConfigurations = (
				CC33D54C1CCA0DE700157246 /* Debug */,
				CC33D54D1CCA0DE700157246 /* Release */,
			);
			defaultConfigurationIsVisible = 0;
			defaultConfigurationName = Release;
		};
		CC33D54E1CCA0DE700157246 /* Build configuration list for PBXNativeTarget "FaceView" */ = {
			isa = XCConfigurationList;
			buildConfigurations = (
				CC33D54F1CCA0DE700157246 /* Debug */,
				CC33D5501CCA0DE700157246 /* Release */,
			);
			defaultConfigurationIsVisible = 0;
		};
		CC33D5511CCA0DE700157246 /* Build configuration list for PBXNativeTarget "FaceViewTests" */ = {
			isa = XCConfigurationList;
			buildConfigurations = (
				CC33D5521CCA0DE700157246 /* Debug */,
				CC33D5531CCA0DE700157246 /* Release */,
			);
			defaultConfigurationIsVisible = 0;
		};
		CC33D5541CCA0DE700157246 /* Build configuration list for PBXNativeTarget "FaceViewUITests" */ = {
			isa = XCConfigurationList;
			buildConfigurations = (
				CC33D5551CCA0DE700157246 /* Debug */,
				CC33D5561CCA0DE700157246 /* Release */,
			);
			defaultConfigurationIsVisible = 0;
		};
/* End XCConfigurationList section */
	};
	rootObject = CC33D51E1CCA0DE700157246 /* Project object */;
}
